
Microsoft Visual Studio Solution File, Format Version 12.00
# Visual Studio 14
VisualStudioVersion = 14.0.25420.1
MinimumVisualStudioVersion = 10.0.40219.1
Project("{FAE04EC0-301F-11D3-BF4B-00C04F79EFBC}") = "SimpleBlockChain.Client", "SimpleBlockChain.Client\SimpleBlockChain.Client.csproj", "{1F6B2A1C-37CD-48E8-9AC7-BB0C7B0DEE6C}"
EndProject
Project("{FAE04EC0-301F-11D3-BF4B-00C04F79EFBC}") = "SimpleBlockChain.Interop", "SimpleBlockChain.Interop\SimpleBlockChain.Interop.csproj", "{CAAA77BC-12F3-49D6-A13B-332C4D735822}"
EndProject
Project("{FAE04EC0-301F-11D3-BF4B-00C04F79EFBC}") = "SimpleBlockChain.Server", "SimpleBlockChain.Server\SimpleBlockChain.Server.csproj", "{DE008347-07DF-457D-A312-D34D6A5F297A}"
EndProject
Global
	GlobalSection(SolutionConfigurationPlatforms) = preSolution
		Debug|Any CPU = Debug|Any CPU
		Release|Any CPU = Release|Any CPU
	EndGlobalSection
	GlobalSection(ProjectConfigurationPlatforms) = postSolution
		{1F6B2A1C-37CD-48E8-9AC7-BB0C7B0DEE6C}.Debug|Any CPU.ActiveCfg = Debug|Any CPU
		{1F6B2A1C-37CD-48E8-9AC7-BB0C7B0DEE6C}.Debug|Any CPU.Build.0 = Debug|Any CPU
		{1F6B2A1C-37CD-48E8-9AC7-BB0C7B0DEE6C}.Release|Any CPU.ActiveCfg = Release|Any CPU
		{1F6B2A1C-37CD-48E8-9AC7-BB0C7B0DEE6C}.Release|Any CPU.Build.0 = Release|Any CPU
		{CAAA77BC-12F3-49D6-A13B-332C4D735822}.Debug|Any CPU.ActiveCfg = Debug|Any CPU
		{CAAA77BC-12F3-49D6-A13B-332C4D735822}.Debug|Any CPU.Build.0 = Debug|Any CPU
		{CAAA77BC-12F3-49D6-A13B-332C4D735822}.Release|Any CPU.ActiveCfg = Release|Any CPU
		{CAAA77BC-12F3-49D6-A13B-332C4D735822}.Release|Any CPU.Build.0 = Release|Any CPU
		{DE008347-07DF-457D-A312-D34D6A5F297A}.Debug|Any CPU.ActiveCfg = Debug|Any CPU
		{DE008347-07DF-457D-A312-D34D6A5F297A}.Debug|Any CPU.Build.0 = Debug|Any CPU
		{DE008347-07DF-457D-A312-D34D6A5F297A}.Release|Any CPU.ActiveCfg = Release|Any CPU
		{DE008347-07DF-457D-A312-D34D6A5F297A}.Release|Any CPU.Build.0 = Release|Any CPU
	EndGlobalSection
	GlobalSection(SolutionProperties) = preSolution
		HideSolutionNode = FALSE
	EndGlobalSection
EndGlobal
