
Microsoft Visual Studio Solution File, Format Version 12.00
# Visual Studio 15
VisualStudioVersion = 15.0.27130.0
MinimumVisualStudioVersion = 10.0.40219.1
Project("{9A19103F-16F7-4668-BE54-9A1E7A4F7556}") = "EheathBlockChain", "EheathBlockChain\EheathBlockChain.csproj", "{FBAD24C9-5FED-456C-BCD1-13482CEF2A64}"
EndProject
Project("{9A19103F-16F7-4668-BE54-9A1E7A4F7556}") = "EhealthBlockChain.API", "EhealthBlockChain.API\EhealthBlockChain.API.csproj", "{854828D8-FE9B-4FD6-A429-C86BE27A0C9D}"
EndProject
Project("{9A19103F-16F7-4668-BE54-9A1E7A4F7556}") = "EhealthBlockChain.API.Core", "EhealthBlockChain.API.Core\EhealthBlockChain.API.Core.csproj", "{45DF5AE5-CEAF-4506-84EB-EE16355AFA7A}"
EndProject
Project("{9A19103F-16F7-4668-BE54-9A1E7A4F7556}") = "EhealthBlockChain.API.Data", "EhealthBlockChain.API.Data\EhealthBlockChain.API.Data.csproj", "{38F5F73B-8D24-434F-9CA6-B09818F5366B}"
EndProject
Project("{2150E333-8FDC-42A3-9474-1A3956D46DE8}") = "01. API", "01. API", "{B8CD673F-0FB5-4DBB-BEDC-18BF927F0F6D}"
EndProject
Project("{2150E333-8FDC-42A3-9474-1A3956D46DE8}") = "02. Website", "02. Website", "{44756A5A-8F57-4DDB-98D3-500C28F04DEC}"
EndProject
Project("{2150E333-8FDC-42A3-9474-1A3956D46DE8}") = "03. Security", "03. Security", "{74098170-D0D6-407A-AAB6-AB6AADAB23DF}"
EndProject
Project("{2150E333-8FDC-42A3-9474-1A3956D46DE8}") = "05. Tests", "05. Tests", "{32F00863-2EB0-4CE9-A243-8BA83B5F80E5}"
EndProject
Project("{2150E333-8FDC-42A3-9474-1A3956D46DE8}") = "00. Other", "00. Other", "{CC3A8A60-8BB0-4170-9BC7-AF8AF1613326}"
EndProject
Project("{9A19103F-16F7-4668-BE54-9A1E7A4F7556}") = "SimpleIdentityServer.Host", "simpleidserver\SimpleIdentityServer\src\SimpleIdentityServer.Host\SimpleIdentityServer.Host.csproj", "{DBFCEDDD-280A-4C9B-9415-FF45DD1C15D0}"
EndProject
Project("{9A19103F-16F7-4668-BE54-9A1E7A4F7556}") = "SimpleIdentityServer.Client", "simpleidserver\SimpleIdentityServer\src\SimpleIdentityServer.Client\SimpleIdentityServer.Client.csproj", "{0C61D0F6-9F33-4556-B92D-E4B48BB28B1B}"
EndProject
Project("{9A19103F-16F7-4668-BE54-9A1E7A4F7556}") = "SimpleIdentityServer.DataAccess.SqlServer", "simpleidserver\SimpleIdentityServer\src\SimpleIdentityServer.DataAccess.SqlServer\SimpleIdentityServer.DataAccess.SqlServer.csproj", "{A233D0F7-7903-4F7F-A644-BFCA1F95FC99}"
EndProject
Project("{9A19103F-16F7-4668-BE54-9A1E7A4F7556}") = "SimpleIdentityServer.Core.Jwt", "simpleidserver\SimpleIdentityServer\src\SimpleIdentityServer.Core.Jwt\SimpleIdentityServer.Core.Jwt.csproj", "{48565D50-C797-49F2-870B-7571B86506BE}"
EndProject
Project("{9A19103F-16F7-4668-BE54-9A1E7A4F7556}") = "SimpleIdentityServer.Core", "simpleidserver\SimpleIdentityServer\src\SimpleIdentityServer.Core\SimpleIdentityServer.Core.csproj", "{F7C9653C-5796-466B-9080-32671B0E5214}"
EndProject
Project("{9A19103F-16F7-4668-BE54-9A1E7A4F7556}") = "System.Security.Cryptography.Algorithms.Extensions", "simpleidserver\SimpleIdentityServer\src\System.Security.Cryptography.Algorithms.Extensions\System.Security.Cryptography.Algorithms.Extensions.csproj", "{9A882B0F-7C7E-4218-A181-4A11A3272D51}"
EndProject
Project("{9A19103F-16F7-4668-BE54-9A1E7A4F7556}") = "SimpleIdentityServer.Core.Common", "simpleidserver\SimpleIdentityServer\src\SimpleIdentityServer.Core.Common\SimpleIdentityServer.Core.Common.csproj", "{C649D399-71C5-4C68-B778-51585F00A561}"
EndProject
Project("{9A19103F-16F7-4668-BE54-9A1E7A4F7556}") = "SimpleIdentityServer.Configuration.Client", "simpleidserver\SimpleIdentityServer\src\SimpleIdentityServer.Configuration.Client\SimpleIdentityServer.Configuration.Client.csproj", "{B88D3837-9074-40F1-AF70-8AD7F1C13DD1}"
EndProject
Project("{9A19103F-16F7-4668-BE54-9A1E7A4F7556}") = "SimpleIdentityServer.EventStore.EF", "simpleidserver\SimpleIdentityServer\src\SimpleIdentityServer.EventStore.EF\SimpleIdentityServer.EventStore.EF.csproj", "{7978B268-309C-4D08-ACD4-9B7798F7786B}"
EndProject
Project("{9A19103F-16F7-4668-BE54-9A1E7A4F7556}") = "Serilog.Sinks.ElasticSearch", "simpleidserver\SimpleIdentityServer\src\Serilog.Sinks.ElasticSearch\Serilog.Sinks.ElasticSearch.csproj", "{DF390A2F-3DEA-4F2B-A869-A9109623C57A}"
EndProject
Project("{9A19103F-16F7-4668-BE54-9A1E7A4F7556}") = "SimpleIdentityServer.Logging", "simpleidserver\SimpleIdentityServer\src\SimpleIdentityServer.Logging\SimpleIdentityServer.Logging.csproj", "{A97F193B-7A0B-4621-B32A-64A287FB41DC}"
EndProject
Project("{9A19103F-16F7-4668-BE54-9A1E7A4F7556}") = "SimpleIdentityServer.Uma.Client", "simpleidserver\SimpleIdentityServer\src\SimpleIdentityServer.Uma.Client\SimpleIdentityServer.Uma.Client.csproj", "{E395C817-4EA4-42EE-8319-DFBF3F13B6F6}"
EndProject
Project("{2150E333-8FDC-42A3-9474-1A3956D46DE8}") = "00. SimpleIdServer", "00. SimpleIdServer", "{EB6C80ED-750B-4395-B3C3-780958ED69E8}"
EndProject
Project("{2150E333-8FDC-42A3-9474-1A3956D46DE8}") = "01. UMA", "01. UMA", "{43369C7F-898B-472E-BE1B-3F3437879435}"
EndProject
Project("{9A19103F-16F7-4668-BE54-9A1E7A4F7556}") = "SimpleIdentityServer.Uma.Common", "simpleidserver\SimpleIdentityServer\src\SimpleIdentityServer.Uma.Common\SimpleIdentityServer.Uma.Common.csproj", "{BC1652E8-98E2-41AC-BC03-ECB758BE4854}"
EndProject
Project("{9A19103F-16F7-4668-BE54-9A1E7A4F7556}") = "SimpleIdentityServer.Uma.Host", "simpleidserver\SimpleIdentityServer\src\SimpleIdentityServer.Uma.Host\SimpleIdentityServer.Uma.Host.csproj", "{1CFE5CC8-C14E-469B-B92B-0B5899E6BE67}"
EndProject
Project("{2150E333-8FDC-42A3-9474-1A3956D46DE8}") = "00. Common", "00. Common", "{4CC84105-FDC6-42A8-A7A5-A77078DBD4FB}"
EndProject
Project("{9A19103F-16F7-4668-BE54-9A1E7A4F7556}") = "SimpleIdentityServer.Oauth2Instrospection.Authentication", "simpleidserver\SimpleIdentityServer\src\SimpleIdentityServer.Oauth2Instrospection.Authentication\SimpleIdentityServer.Oauth2Instrospection.Authentication.csproj", "{E2414AE4-0838-4565-BE33-9AB663A60276}"
EndProject
Project("{9A19103F-16F7-4668-BE54-9A1E7A4F7556}") = "SimpleIdentityServer.Uma.EF", "simpleidserver\SimpleIdentityServer\src\SimpleIdentityServer.Uma.EF\SimpleIdentityServer.Uma.EF.csproj", "{9ACC28E5-C2DA-4C0B-8EBB-CDA1CC58E4AB}"
EndProject
Project("{9A19103F-16F7-4668-BE54-9A1E7A4F7556}") = "WebApiContrib.Core.Storage", "simpleidserver\SimpleIdentityServer\src\WebApiContrib.Core.Storage\WebApiContrib.Core.Storage.csproj", "{CDCE2A97-971F-424A-9FAC-D58C0A7531DF}"
EndProject
Project("{9A19103F-16F7-4668-BE54-9A1E7A4F7556}") = "WebApiContrib.Core.Storage.InMemory", "simpleidserver\SimpleIdentityServer\src\WebApiContrib.Core.Storage.InMemory\WebApiContrib.Core.Storage.InMemory.csproj", "{6D07C902-4974-48F1-8130-486256803EFB}"
EndProject
Project("{9A19103F-16F7-4668-BE54-9A1E7A4F7556}") = "WebApiContrib.Core.Storage.Redis", "simpleidserver\SimpleIdentityServer\src\WebApiContrib.Core.Storage.Redis\WebApiContrib.Core.Storage.Redis.csproj", "{897DF36A-47D2-4CA8-A203-A17CEB6AA203}"
EndProject
Project("{9A19103F-16F7-4668-BE54-9A1E7A4F7556}") = "SimpleIdentityServer.Uma.Core", "simpleidserver\SimpleIdentityServer\src\SimpleIdentityServer.Uma.Core\SimpleIdentityServer.Uma.Core.csproj", "{4BFD8CB7-B8DF-40E5-8686-D52EA885E056}"
EndProject
Project("{9A19103F-16F7-4668-BE54-9A1E7A4F7556}") = "WebApiContrib.Core.Concurrency", "simpleidserver\SimpleIdentityServer\src\WebApiContrib.Core.Concurrency\WebApiContrib.Core.Concurrency.csproj", "{2995A6B4-0D41-4DF4-A294-FEA4DCF60EEE}"
EndProject
Project("{9A19103F-16F7-4668-BE54-9A1E7A4F7556}") = "SimpleIdentityServer.Authentication.Common", "simpleidserver\SimpleIdentityServer\src\SimpleIdentityServer.Authentication.Common\SimpleIdentityServer.Authentication.Common.csproj", "{87959EAD-A227-4600-AD35-4F35519D2647}"
EndProject
Project("{9A19103F-16F7-4668-BE54-9A1E7A4F7556}") = "EheathBlockChain.OpenId", "EheathBlockChain.OpenId\EheathBlockChain.OpenId.csproj", "{A2490104-A7B2-4585-B56B-C5DE604349F9}"
EndProject
Project("{2150E333-8FDC-42A3-9474-1A3956D46DE8}") = "04. Kmehr", "04. Kmehr", "{95CEBD6E-BF46-4178-8BCF-E0DCD77BEB79}"
EndProject
Project("{FAE04EC0-301F-11D3-BF4B-00C04F79EFBC}") = "Kmehr.App", "Kmehr.App\Kmehr.App.csproj", "{B698AB95-61DF-4003-8803-0DEB81D11B29}"
EndProject
Global
	GlobalSection(SolutionConfigurationPlatforms) = preSolution
		Debug|Any CPU = Debug|Any CPU
		Release|Any CPU = Release|Any CPU
	EndGlobalSection
	GlobalSection(ProjectConfigurationPlatforms) = postSolution
		{FBAD24C9-5FED-456C-BCD1-13482CEF2A64}.Debug|Any CPU.ActiveCfg = Debug|Any CPU
		{FBAD24C9-5FED-456C-BCD1-13482CEF2A64}.Debug|Any CPU.Build.0 = Debug|Any CPU
		{FBAD24C9-5FED-456C-BCD1-13482CEF2A64}.Release|Any CPU.ActiveCfg = Release|Any CPU
		{FBAD24C9-5FED-456C-BCD1-13482CEF2A64}.Release|Any CPU.Build.0 = Release|Any CPU
		{854828D8-FE9B-4FD6-A429-C86BE27A0C9D}.Debug|Any CPU.ActiveCfg = Debug|Any CPU
		{854828D8-FE9B-4FD6-A429-C86BE27A0C9D}.Debug|Any CPU.Build.0 = Debug|Any CPU
		{854828D8-FE9B-4FD6-A429-C86BE27A0C9D}.Release|Any CPU.ActiveCfg = Release|Any CPU
		{854828D8-FE9B-4FD6-A429-C86BE27A0C9D}.Release|Any CPU.Build.0 = Release|Any CPU
		{45DF5AE5-CEAF-4506-84EB-EE16355AFA7A}.Debug|Any CPU.ActiveCfg = Debug|Any CPU
		{45DF5AE5-CEAF-4506-84EB-EE16355AFA7A}.Debug|Any CPU.Build.0 = Debug|Any CPU
		{45DF5AE5-CEAF-4506-84EB-EE16355AFA7A}.Release|Any CPU.ActiveCfg = Release|Any CPU
		{45DF5AE5-CEAF-4506-84EB-EE16355AFA7A}.Release|Any CPU.Build.0 = Release|Any CPU
		{38F5F73B-8D24-434F-9CA6-B09818F5366B}.Debug|Any CPU.ActiveCfg = Debug|Any CPU
		{38F5F73B-8D24-434F-9CA6-B09818F5366B}.Debug|Any CPU.Build.0 = Debug|Any CPU
		{38F5F73B-8D24-434F-9CA6-B09818F5366B}.Release|Any CPU.ActiveCfg = Release|Any CPU
		{38F5F73B-8D24-434F-9CA6-B09818F5366B}.Release|Any CPU.Build.0 = Release|Any CPU
		{DBFCEDDD-280A-4C9B-9415-FF45DD1C15D0}.Debug|Any CPU.ActiveCfg = Debug|Any CPU
		{DBFCEDDD-280A-4C9B-9415-FF45DD1C15D0}.Debug|Any CPU.Build.0 = Debug|Any CPU
		{DBFCEDDD-280A-4C9B-9415-FF45DD1C15D0}.Release|Any CPU.ActiveCfg = Release|Any CPU
		{DBFCEDDD-280A-4C9B-9415-FF45DD1C15D0}.Release|Any CPU.Build.0 = Release|Any CPU
		{0C61D0F6-9F33-4556-B92D-E4B48BB28B1B}.Debug|Any CPU.ActiveCfg = Debug|Any CPU
		{0C61D0F6-9F33-4556-B92D-E4B48BB28B1B}.Debug|Any CPU.Build.0 = Debug|Any CPU
		{0C61D0F6-9F33-4556-B92D-E4B48BB28B1B}.Release|Any CPU.ActiveCfg = Release|Any CPU
		{0C61D0F6-9F33-4556-B92D-E4B48BB28B1B}.Release|Any CPU.Build.0 = Release|Any CPU
		{A233D0F7-7903-4F7F-A644-BFCA1F95FC99}.Debug|Any CPU.ActiveCfg = Debug|Any CPU
		{A233D0F7-7903-4F7F-A644-BFCA1F95FC99}.Debug|Any CPU.Build.0 = Debug|Any CPU
		{A233D0F7-7903-4F7F-A644-BFCA1F95FC99}.Release|Any CPU.ActiveCfg = Release|Any CPU
		{A233D0F7-7903-4F7F-A644-BFCA1F95FC99}.Release|Any CPU.Build.0 = Release|Any CPU
		{48565D50-C797-49F2-870B-7571B86506BE}.Debug|Any CPU.ActiveCfg = Debug|Any CPU
		{48565D50-C797-49F2-870B-7571B86506BE}.Debug|Any CPU.Build.0 = Debug|Any CPU
		{48565D50-C797-49F2-870B-7571B86506BE}.Release|Any CPU.ActiveCfg = Release|Any CPU
		{48565D50-C797-49F2-870B-7571B86506BE}.Release|Any CPU.Build.0 = Release|Any CPU
		{F7C9653C-5796-466B-9080-32671B0E5214}.Debug|Any CPU.ActiveCfg = Debug|Any CPU
		{F7C9653C-5796-466B-9080-32671B0E5214}.Debug|Any CPU.Build.0 = Debug|Any CPU
		{F7C9653C-5796-466B-9080-32671B0E5214}.Release|Any CPU.ActiveCfg = Release|Any CPU
		{F7C9653C-5796-466B-9080-32671B0E5214}.Release|Any CPU.Build.0 = Release|Any CPU
		{9A882B0F-7C7E-4218-A181-4A11A3272D51}.Debug|Any CPU.ActiveCfg = Debug|Any CPU
		{9A882B0F-7C7E-4218-A181-4A11A3272D51}.Debug|Any CPU.Build.0 = Debug|Any CPU
		{9A882B0F-7C7E-4218-A181-4A11A3272D51}.Release|Any CPU.ActiveCfg = Release|Any CPU
		{9A882B0F-7C7E-4218-A181-4A11A3272D51}.Release|Any CPU.Build.0 = Release|Any CPU
		{C649D399-71C5-4C68-B778-51585F00A561}.Debug|Any CPU.ActiveCfg = Debug|Any CPU
		{C649D399-71C5-4C68-B778-51585F00A561}.Debug|Any CPU.Build.0 = Debug|Any CPU
		{C649D399-71C5-4C68-B778-51585F00A561}.Release|Any CPU.ActiveCfg = Release|Any CPU
		{C649D399-71C5-4C68-B778-51585F00A561}.Release|Any CPU.Build.0 = Release|Any CPU
		{B88D3837-9074-40F1-AF70-8AD7F1C13DD1}.Debug|Any CPU.ActiveCfg = Debug|Any CPU
		{B88D3837-9074-40F1-AF70-8AD7F1C13DD1}.Debug|Any CPU.Build.0 = Debug|Any CPU
		{B88D3837-9074-40F1-AF70-8AD7F1C13DD1}.Release|Any CPU.ActiveCfg = Release|Any CPU
		{B88D3837-9074-40F1-AF70-8AD7F1C13DD1}.Release|Any CPU.Build.0 = Release|Any CPU
		{7978B268-309C-4D08-ACD4-9B7798F7786B}.Debug|Any CPU.ActiveCfg = Debug|Any CPU
		{7978B268-309C-4D08-ACD4-9B7798F7786B}.Debug|Any CPU.Build.0 = Debug|Any CPU
		{7978B268-309C-4D08-ACD4-9B7798F7786B}.Release|Any CPU.ActiveCfg = Release|Any CPU
		{7978B268-309C-4D08-ACD4-9B7798F7786B}.Release|Any CPU.Build.0 = Release|Any CPU
		{DF390A2F-3DEA-4F2B-A869-A9109623C57A}.Debug|Any CPU.ActiveCfg = Debug|Any CPU
		{DF390A2F-3DEA-4F2B-A869-A9109623C57A}.Debug|Any CPU.Build.0 = Debug|Any CPU
		{DF390A2F-3DEA-4F2B-A869-A9109623C57A}.Release|Any CPU.ActiveCfg = Release|Any CPU
		{DF390A2F-3DEA-4F2B-A869-A9109623C57A}.Release|Any CPU.Build.0 = Release|Any CPU
		{A97F193B-7A0B-4621-B32A-64A287FB41DC}.Debug|Any CPU.ActiveCfg = Debug|Any CPU
		{A97F193B-7A0B-4621-B32A-64A287FB41DC}.Debug|Any CPU.Build.0 = Debug|Any CPU
		{A97F193B-7A0B-4621-B32A-64A287FB41DC}.Release|Any CPU.ActiveCfg = Release|Any CPU
		{A97F193B-7A0B-4621-B32A-64A287FB41DC}.Release|Any CPU.Build.0 = Release|Any CPU
		{E395C817-4EA4-42EE-8319-DFBF3F13B6F6}.Debug|Any CPU.ActiveCfg = Debug|Any CPU
		{E395C817-4EA4-42EE-8319-DFBF3F13B6F6}.Debug|Any CPU.Build.0 = Debug|Any CPU
		{E395C817-4EA4-42EE-8319-DFBF3F13B6F6}.Release|Any CPU.ActiveCfg = Release|Any CPU
		{E395C817-4EA4-42EE-8319-DFBF3F13B6F6}.Release|Any CPU.Build.0 = Release|Any CPU
		{BC1652E8-98E2-41AC-BC03-ECB758BE4854}.Debug|Any CPU.ActiveCfg = Debug|Any CPU
		{BC1652E8-98E2-41AC-BC03-ECB758BE4854}.Debug|Any CPU.Build.0 = Debug|Any CPU
		{BC1652E8-98E2-41AC-BC03-ECB758BE4854}.Release|Any CPU.ActiveCfg = Release|Any CPU
		{BC1652E8-98E2-41AC-BC03-ECB758BE4854}.Release|Any CPU.Build.0 = Release|Any CPU
		{1CFE5CC8-C14E-469B-B92B-0B5899E6BE67}.Debug|Any CPU.ActiveCfg = Debug|Any CPU
		{1CFE5CC8-C14E-469B-B92B-0B5899E6BE67}.Debug|Any CPU.Build.0 = Debug|Any CPU
		{1CFE5CC8-C14E-469B-B92B-0B5899E6BE67}.Release|Any CPU.ActiveCfg = Release|Any CPU
		{1CFE5CC8-C14E-469B-B92B-0B5899E6BE67}.Release|Any CPU.Build.0 = Release|Any CPU
		{E2414AE4-0838-4565-BE33-9AB663A60276}.Debug|Any CPU.ActiveCfg = Debug|Any CPU
		{E2414AE4-0838-4565-BE33-9AB663A60276}.Debug|Any CPU.Build.0 = Debug|Any CPU
		{E2414AE4-0838-4565-BE33-9AB663A60276}.Release|Any CPU.ActiveCfg = Release|Any CPU
		{E2414AE4-0838-4565-BE33-9AB663A60276}.Release|Any CPU.Build.0 = Release|Any CPU
		{9ACC28E5-C2DA-4C0B-8EBB-CDA1CC58E4AB}.Debug|Any CPU.ActiveCfg = Debug|Any CPU
		{9ACC28E5-C2DA-4C0B-8EBB-CDA1CC58E4AB}.Debug|Any CPU.Build.0 = Debug|Any CPU
		{9ACC28E5-C2DA-4C0B-8EBB-CDA1CC58E4AB}.Release|Any CPU.ActiveCfg = Release|Any CPU
		{9ACC28E5-C2DA-4C0B-8EBB-CDA1CC58E4AB}.Release|Any CPU.Build.0 = Release|Any CPU
		{CDCE2A97-971F-424A-9FAC-D58C0A7531DF}.Debug|Any CPU.ActiveCfg = Debug|Any CPU
		{CDCE2A97-971F-424A-9FAC-D58C0A7531DF}.Debug|Any CPU.Build.0 = Debug|Any CPU
		{CDCE2A97-971F-424A-9FAC-D58C0A7531DF}.Release|Any CPU.ActiveCfg = Release|Any CPU
		{CDCE2A97-971F-424A-9FAC-D58C0A7531DF}.Release|Any CPU.Build.0 = Release|Any CPU
		{6D07C902-4974-48F1-8130-486256803EFB}.Debug|Any CPU.ActiveCfg = Debug|Any CPU
		{6D07C902-4974-48F1-8130-486256803EFB}.Debug|Any CPU.Build.0 = Debug|Any CPU
		{6D07C902-4974-48F1-8130-486256803EFB}.Release|Any CPU.ActiveCfg = Release|Any CPU
		{6D07C902-4974-48F1-8130-486256803EFB}.Release|Any CPU.Build.0 = Release|Any CPU
		{897DF36A-47D2-4CA8-A203-A17CEB6AA203}.Debug|Any CPU.ActiveCfg = Debug|Any CPU
		{897DF36A-47D2-4CA8-A203-A17CEB6AA203}.Debug|Any CPU.Build.0 = Debug|Any CPU
		{897DF36A-47D2-4CA8-A203-A17CEB6AA203}.Release|Any CPU.ActiveCfg = Release|Any CPU
		{897DF36A-47D2-4CA8-A203-A17CEB6AA203}.Release|Any CPU.Build.0 = Release|Any CPU
		{4BFD8CB7-B8DF-40E5-8686-D52EA885E056}.Debug|Any CPU.ActiveCfg = Debug|Any CPU
		{4BFD8CB7-B8DF-40E5-8686-D52EA885E056}.Debug|Any CPU.Build.0 = Debug|Any CPU
		{4BFD8CB7-B8DF-40E5-8686-D52EA885E056}.Release|Any CPU.ActiveCfg = Release|Any CPU
		{4BFD8CB7-B8DF-40E5-8686-D52EA885E056}.Release|Any CPU.Build.0 = Release|Any CPU
		{2995A6B4-0D41-4DF4-A294-FEA4DCF60EEE}.Debug|Any CPU.ActiveCfg = Debug|Any CPU
		{2995A6B4-0D41-4DF4-A294-FEA4DCF60EEE}.Debug|Any CPU.Build.0 = Debug|Any CPU
		{2995A6B4-0D41-4DF4-A294-FEA4DCF60EEE}.Release|Any CPU.ActiveCfg = Release|Any CPU
		{2995A6B4-0D41-4DF4-A294-FEA4DCF60EEE}.Release|Any CPU.Build.0 = Release|Any CPU
		{87959EAD-A227-4600-AD35-4F35519D2647}.Debug|Any CPU.ActiveCfg = Debug|Any CPU
		{87959EAD-A227-4600-AD35-4F35519D2647}.Debug|Any CPU.Build.0 = Debug|Any CPU
		{87959EAD-A227-4600-AD35-4F35519D2647}.Release|Any CPU.ActiveCfg = Release|Any CPU
		{87959EAD-A227-4600-AD35-4F35519D2647}.Release|Any CPU.Build.0 = Release|Any CPU
		{A2490104-A7B2-4585-B56B-C5DE604349F9}.Debug|Any CPU.ActiveCfg = Debug|Any CPU
		{A2490104-A7B2-4585-B56B-C5DE604349F9}.Debug|Any CPU.Build.0 = Debug|Any CPU
		{A2490104-A7B2-4585-B56B-C5DE604349F9}.Release|Any CPU.ActiveCfg = Release|Any CPU
		{A2490104-A7B2-4585-B56B-C5DE604349F9}.Release|Any CPU.Build.0 = Release|Any CPU
		{B698AB95-61DF-4003-8803-0DEB81D11B29}.Debug|Any CPU.ActiveCfg = Debug|Any CPU
		{B698AB95-61DF-4003-8803-0DEB81D11B29}.Debug|Any CPU.Build.0 = Debug|Any CPU
		{B698AB95-61DF-4003-8803-0DEB81D11B29}.Release|Any CPU.ActiveCfg = Release|Any CPU
		{B698AB95-61DF-4003-8803-0DEB81D11B29}.Release|Any CPU.Build.0 = Release|Any CPU
	EndGlobalSection
	GlobalSection(SolutionProperties) = preSolution
		HideSolutionNode = FALSE
	EndGlobalSection
	GlobalSection(NestedProjects) = preSolution
		{FBAD24C9-5FED-456C-BCD1-13482CEF2A64} = {44756A5A-8F57-4DDB-98D3-500C28F04DEC}
		{854828D8-FE9B-4FD6-A429-C86BE27A0C9D} = {B8CD673F-0FB5-4DBB-BEDC-18BF927F0F6D}
		{45DF5AE5-CEAF-4506-84EB-EE16355AFA7A} = {B8CD673F-0FB5-4DBB-BEDC-18BF927F0F6D}
		{38F5F73B-8D24-434F-9CA6-B09818F5366B} = {B8CD673F-0FB5-4DBB-BEDC-18BF927F0F6D}
		{DBFCEDDD-280A-4C9B-9415-FF45DD1C15D0} = {EB6C80ED-750B-4395-B3C3-780958ED69E8}
		{0C61D0F6-9F33-4556-B92D-E4B48BB28B1B} = {EB6C80ED-750B-4395-B3C3-780958ED69E8}
		{A233D0F7-7903-4F7F-A644-BFCA1F95FC99} = {EB6C80ED-750B-4395-B3C3-780958ED69E8}
		{48565D50-C797-49F2-870B-7571B86506BE} = {EB6C80ED-750B-4395-B3C3-780958ED69E8}
		{F7C9653C-5796-466B-9080-32671B0E5214} = {EB6C80ED-750B-4395-B3C3-780958ED69E8}
		{9A882B0F-7C7E-4218-A181-4A11A3272D51} = {4CC84105-FDC6-42A8-A7A5-A77078DBD4FB}
		{C649D399-71C5-4C68-B778-51585F00A561} = {EB6C80ED-750B-4395-B3C3-780958ED69E8}
		{B88D3837-9074-40F1-AF70-8AD7F1C13DD1} = {EB6C80ED-750B-4395-B3C3-780958ED69E8}
		{7978B268-309C-4D08-ACD4-9B7798F7786B} = {EB6C80ED-750B-4395-B3C3-780958ED69E8}
		{DF390A2F-3DEA-4F2B-A869-A9109623C57A} = {4CC84105-FDC6-42A8-A7A5-A77078DBD4FB}
		{A97F193B-7A0B-4621-B32A-64A287FB41DC} = {EB6C80ED-750B-4395-B3C3-780958ED69E8}
		{E395C817-4EA4-42EE-8319-DFBF3F13B6F6} = {43369C7F-898B-472E-BE1B-3F3437879435}
		{EB6C80ED-750B-4395-B3C3-780958ED69E8} = {CC3A8A60-8BB0-4170-9BC7-AF8AF1613326}
		{43369C7F-898B-472E-BE1B-3F3437879435} = {CC3A8A60-8BB0-4170-9BC7-AF8AF1613326}
		{BC1652E8-98E2-41AC-BC03-ECB758BE4854} = {43369C7F-898B-472E-BE1B-3F3437879435}
		{1CFE5CC8-C14E-469B-B92B-0B5899E6BE67} = {44756A5A-8F57-4DDB-98D3-500C28F04DEC}
		{4CC84105-FDC6-42A8-A7A5-A77078DBD4FB} = {CC3A8A60-8BB0-4170-9BC7-AF8AF1613326}
		{E2414AE4-0838-4565-BE33-9AB663A60276} = {EB6C80ED-750B-4395-B3C3-780958ED69E8}
		{9ACC28E5-C2DA-4C0B-8EBB-CDA1CC58E4AB} = {43369C7F-898B-472E-BE1B-3F3437879435}
		{CDCE2A97-971F-424A-9FAC-D58C0A7531DF} = {4CC84105-FDC6-42A8-A7A5-A77078DBD4FB}
		{6D07C902-4974-48F1-8130-486256803EFB} = {4CC84105-FDC6-42A8-A7A5-A77078DBD4FB}
		{897DF36A-47D2-4CA8-A203-A17CEB6AA203} = {4CC84105-FDC6-42A8-A7A5-A77078DBD4FB}
		{4BFD8CB7-B8DF-40E5-8686-D52EA885E056} = {43369C7F-898B-472E-BE1B-3F3437879435}
		{2995A6B4-0D41-4DF4-A294-FEA4DCF60EEE} = {4CC84105-FDC6-42A8-A7A5-A77078DBD4FB}
		{87959EAD-A227-4600-AD35-4F35519D2647} = {EB6C80ED-750B-4395-B3C3-780958ED69E8}
		{A2490104-A7B2-4585-B56B-C5DE604349F9} = {44756A5A-8F57-4DDB-98D3-500C28F04DEC}
		{B698AB95-61DF-4003-8803-0DEB81D11B29} = {95CEBD6E-BF46-4178-8BCF-E0DCD77BEB79}
	EndGlobalSection
	GlobalSection(ExtensibilityGlobals) = postSolution
		SolutionGuid = {CCA806A4-DA7A-4A3B-B65E-45BE5D094C6B}
	EndGlobalSection
EndGlobal
